
Microsoft Visual Studio Solution File, Format Version 12.00
# Visual Studio 15
VisualStudioVersion = 15.0.27428.2043
MinimumVisualStudioVersion = 10.0.40219.1
Project("{9A19103F-16F7-4668-BE54-9A1E7A4F7556}") = "Afx.AspNetCore.Mvc", "Afx.AspNetCore.Mvc\Afx.AspNetCore.Mvc.csproj", "{0C635E21-7E1C-4226-9F2A-B95830676FA0}"
EndProject
Project("{9A19103F-16F7-4668-BE54-9A1E7A4F7556}") = "Afx.Base", "Afx.Base\Afx.Base.csproj", "{4881D851-DC34-44BF-B358-B6BC5CC8D82C}"
EndProject
Project("{9A19103F-16F7-4668-BE54-9A1E7A4F7556}") = "Afx.Cache", "Afx.Cache\Afx.Cache.csproj", "{ACE83013-2153-4BA3-A8C1-E553FB8BCB78}"
EndProject
Project("{9A19103F-16F7-4668-BE54-9A1E7A4F7556}") = "Afx.Dapper", "Afx.Dapper\Afx.Dapper.csproj", "{0154027C-FB7D-4AE3-89FF-AA6125A6DE6A}"
EndProject
Project("{9A19103F-16F7-4668-BE54-9A1E7A4F7556}") = "Afx.Data", "Afx.Data\Afx.Data.csproj", "{F73E255B-0B06-4DCC-876C-A1EB85EE4BA7}"
EndProject
Project("{9A19103F-16F7-4668-BE54-9A1E7A4F7556}") = "Afx.Data.Entity", "Afx.Data.Entity\Afx.Data.Entity.csproj", "{1401594D-6811-44CA-B5DC-F2D7655CE3E6}"
EndProject
Project("{9A19103F-16F7-4668-BE54-9A1E7A4F7556}") = "Afx.Data.Extensions", "Afx.Data.Extensions\Afx.Data.Extensions.csproj", "{34F4E739-60DB-4331-A61B-ED72B8CFC5C7}"
EndProject
Project("{9A19103F-16F7-4668-BE54-9A1E7A4F7556}") = "Afx.Data.MSSQLServer.Entity", "Afx.Data.MSSQLServer.Entity\Afx.Data.MSSQLServer.Entity.csproj", "{395D232D-4F45-471B-9083-7C03394D2AEF}"
EndProject
Project("{9A19103F-16F7-4668-BE54-9A1E7A4F7556}") = "Afx.Data.MySql.Entity", "Afx.Data.MySql.Entity\Afx.Data.MySql.Entity.csproj", "{1B01B5FB-F4CD-4E8A-9FC5-AA8E2F862EF7}"
EndProject
Project("{9A19103F-16F7-4668-BE54-9A1E7A4F7556}") = "Afx.Data.SQLite.Entity", "Afx.Data.SQLite.Entity\Afx.Data.SQLite.Entity.csproj", "{6608CECA-FECB-4B68-8B09-F3837223F0A7}"
EndProject
Project("{9A19103F-16F7-4668-BE54-9A1E7A4F7556}") = "Afx.HttpClient", "Afx.HttpClient\Afx.HttpClient.csproj", "{DA573530-4C9B-427E-B5D9-C027880A0D69}"
EndProject
Project("{9A19103F-16F7-4668-BE54-9A1E7A4F7556}") = "Afx.Sockets", "Afx.Sockets\Afx.Sockets.csproj", "{F365555F-AFE6-4DD9-9CE7-50C4BCB552B8}"
EndProject
Project("{9A19103F-16F7-4668-BE54-9A1E7A4F7556}") = "Afx.Tcp.Host", "Afx.Tcp.Host\Afx.Tcp.Host.csproj", "{DBC9AC89-D34F-4C0E-901E-A08A69A7F32D}"
EndProject
Project("{9A19103F-16F7-4668-BE54-9A1E7A4F7556}") = "Afx.Tcp.Protocols", "Afx.Tcp.Protocols\Afx.Tcp.Protocols.csproj", "{1CBCDB2A-032A-4F60-92BF-6A3DC67798AC}"
EndProject
Project("{2150E333-8FDC-42A3-9474-1A3956D46DE8}") = "Tcp", "Tcp", "{D7D95EDA-B20B-4E46-8AC4-2CC57057069F}"
EndProject
Project("{2150E333-8FDC-42A3-9474-1A3956D46DE8}") = "Database", "Database", "{B0F0FF3A-A571-4D67-9EA2-F49AEEE2EEFC}"
EndProject
Project("{2150E333-8FDC-42A3-9474-1A3956D46DE8}") = "EntityFramework", "EntityFramework", "{9BE5E58E-C8CB-44EF-BB3F-EDE4BD4B76DC}"
EndProject
Global
	GlobalSection(SolutionConfigurationPlatforms) = preSolution
		Debug|Any CPU = Debug|Any CPU
		Release|Any CPU = Release|Any CPU
	EndGlobalSection
	GlobalSection(ProjectConfigurationPlatforms) = postSolution
		{0C635E21-7E1C-4226-9F2A-B95830676FA0}.Debug|Any CPU.ActiveCfg = Debug|Any CPU
		{0C635E21-7E1C-4226-9F2A-B95830676FA0}.Debug|Any CPU.Build.0 = Debug|Any CPU
		{0C635E21-7E1C-4226-9F2A-B95830676FA0}.Release|Any CPU.ActiveCfg = Release|Any CPU
		{0C635E21-7E1C-4226-9F2A-B95830676FA0}.Release|Any CPU.Build.0 = Release|Any CPU
		{4881D851-DC34-44BF-B358-B6BC5CC8D82C}.Debug|Any CPU.ActiveCfg = Debug|Any CPU
		{4881D851-DC34-44BF-B358-B6BC5CC8D82C}.Debug|Any CPU.Build.0 = Debug|Any CPU
		{4881D851-DC34-44BF-B358-B6BC5CC8D82C}.Release|Any CPU.ActiveCfg = Release|Any CPU
		{4881D851-DC34-44BF-B358-B6BC5CC8D82C}.Release|Any CPU.Build.0 = Release|Any CPU
		{ACE83013-2153-4BA3-A8C1-E553FB8BCB78}.Debug|Any CPU.ActiveCfg = Debug|Any CPU
		{ACE83013-2153-4BA3-A8C1-E553FB8BCB78}.Debug|Any CPU.Build.0 = Debug|Any CPU
		{ACE83013-2153-4BA3-A8C1-E553FB8BCB78}.Release|Any CPU.ActiveCfg = Release|Any CPU
		{ACE83013-2153-4BA3-A8C1-E553FB8BCB78}.Release|Any CPU.Build.0 = Release|Any CPU
		{0154027C-FB7D-4AE3-89FF-AA6125A6DE6A}.Debug|Any CPU.ActiveCfg = Debug|Any CPU
		{0154027C-FB7D-4AE3-89FF-AA6125A6DE6A}.Debug|Any CPU.Build.0 = Debug|Any CPU
		{0154027C-FB7D-4AE3-89FF-AA6125A6DE6A}.Release|Any CPU.ActiveCfg = Release|Any CPU
		{0154027C-FB7D-4AE3-89FF-AA6125A6DE6A}.Release|Any CPU.Build.0 = Release|Any CPU
		{F73E255B-0B06-4DCC-876C-A1EB85EE4BA7}.Debug|Any CPU.ActiveCfg = Debug|Any CPU
		{F73E255B-0B06-4DCC-876C-A1EB85EE4BA7}.Debug|Any CPU.Build.0 = Debug|Any CPU
		{F73E255B-0B06-4DCC-876C-A1EB85EE4BA7}.Release|Any CPU.ActiveCfg = Release|Any CPU
		{F73E255B-0B06-4DCC-876C-A1EB85EE4BA7}.Release|Any CPU.Build.0 = Release|Any CPU
		{1401594D-6811-44CA-B5DC-F2D7655CE3E6}.Debug|Any CPU.ActiveCfg = Debug|Any CPU
		{1401594D-6811-44CA-B5DC-F2D7655CE3E6}.Debug|Any CPU.Build.0 = Debug|Any CPU
		{1401594D-6811-44CA-B5DC-F2D7655CE3E6}.Release|Any CPU.ActiveCfg = Release|Any CPU
		{1401594D-6811-44CA-B5DC-F2D7655CE3E6}.Release|Any CPU.Build.0 = Release|Any CPU
		{34F4E739-60DB-4331-A61B-ED72B8CFC5C7}.Debug|Any CPU.ActiveCfg = Debug|Any CPU
		{34F4E739-60DB-4331-A61B-ED72B8CFC5C7}.Debug|Any CPU.Build.0 = Debug|Any CPU
		{34F4E739-60DB-4331-A61B-ED72B8CFC5C7}.Release|Any CPU.ActiveCfg = Release|Any CPU
		{34F4E739-60DB-4331-A61B-ED72B8CFC5C7}.Release|Any CPU.Build.0 = Release|Any CPU
		{395D232D-4F45-471B-9083-7C03394D2AEF}.Debug|Any CPU.ActiveCfg = Debug|Any CPU
		{395D232D-4F45-471B-9083-7C03394D2AEF}.Debug|Any CPU.Build.0 = Debug|Any CPU
		{395D232D-4F45-471B-9083-7C03394D2AEF}.Release|Any CPU.ActiveCfg = Release|Any CPU
		{395D232D-4F45-471B-9083-7C03394D2AEF}.Release|Any CPU.Build.0 = Release|Any CPU
		{1B01B5FB-F4CD-4E8A-9FC5-AA8E2F862EF7}.Debug|Any CPU.ActiveCfg = Debug|Any CPU
		{1B01B5FB-F4CD-4E8A-9FC5-AA8E2F862EF7}.Debug|Any CPU.Build.0 = Debug|Any CPU
		{1B01B5FB-F4CD-4E8A-9FC5-AA8E2F862EF7}.Release|Any CPU.ActiveCfg = Release|Any CPU
		{1B01B5FB-F4CD-4E8A-9FC5-AA8E2F862EF7}.Release|Any CPU.Build.0 = Release|Any CPU
		{6608CECA-FECB-4B68-8B09-F3837223F0A7}.Debug|Any CPU.ActiveCfg = Debug|Any CPU
		{6608CECA-FECB-4B68-8B09-F3837223F0A7}.Debug|Any CPU.Build.0 = Debug|Any CPU
		{6608CECA-FECB-4B68-8B09-F3837223F0A7}.Release|Any CPU.ActiveCfg = Release|Any CPU
		{6608CECA-FECB-4B68-8B09-F3837223F0A7}.Release|Any CPU.Build.0 = Release|Any CPU
		{DA573530-4C9B-427E-B5D9-C027880A0D69}.Debug|Any CPU.ActiveCfg = Debug|Any CPU
		{DA573530-4C9B-427E-B5D9-C027880A0D69}.Debug|Any CPU.Build.0 = Debug|Any CPU
		{DA573530-4C9B-427E-B5D9-C027880A0D69}.Release|Any CPU.ActiveCfg = Release|Any CPU
		{DA573530-4C9B-427E-B5D9-C027880A0D69}.Release|Any CPU.Build.0 = Release|Any CPU
		{F365555F-AFE6-4DD9-9CE7-50C4BCB552B8}.Debug|Any CPU.ActiveCfg = Debug|Any CPU
		{F365555F-AFE6-4DD9-9CE7-50C4BCB552B8}.Debug|Any CPU.Build.0 = Debug|Any CPU
		{F365555F-AFE6-4DD9-9CE7-50C4BCB552B8}.Release|Any CPU.ActiveCfg = Release|Any CPU
		{F365555F-AFE6-4DD9-9CE7-50C4BCB552B8}.Release|Any CPU.Build.0 = Release|Any CPU
		{DBC9AC89-D34F-4C0E-901E-A08A69A7F32D}.Debug|Any CPU.ActiveCfg = Debug|Any CPU
		{DBC9AC89-D34F-4C0E-901E-A08A69A7F32D}.Debug|Any CPU.Build.0 = Debug|Any CPU
		{DBC9AC89-D34F-4C0E-901E-A08A69A7F32D}.Release|Any CPU.ActiveCfg = Release|Any CPU
		{DBC9AC89-D34F-4C0E-901E-A08A69A7F32D}.Release|Any CPU.Build.0 = Release|Any CPU
		{1CBCDB2A-032A-4F60-92BF-6A3DC67798AC}.Debug|Any CPU.ActiveCfg = Debug|Any CPU
		{1CBCDB2A-032A-4F60-92BF-6A3DC67798AC}.Debug|Any CPU.Build.0 = Debug|Any CPU
		{1CBCDB2A-032A-4F60-92BF-6A3DC67798AC}.Release|Any CPU.ActiveCfg = Release|Any CPU
		{1CBCDB2A-032A-4F60-92BF-6A3DC67798AC}.Release|Any CPU.Build.0 = Release|Any CPU
	EndGlobalSection
	GlobalSection(SolutionProperties) = preSolution
		HideSolutionNode = FALSE
	EndGlobalSection
	GlobalSection(NestedProjects) = preSolution
		{0154027C-FB7D-4AE3-89FF-AA6125A6DE6A} = {B0F0FF3A-A571-4D67-9EA2-F49AEEE2EEFC}
		{F73E255B-0B06-4DCC-876C-A1EB85EE4BA7} = {B0F0FF3A-A571-4D67-9EA2-F49AEEE2EEFC}
		{1401594D-6811-44CA-B5DC-F2D7655CE3E6} = {9BE5E58E-C8CB-44EF-BB3F-EDE4BD4B76DC}
		{34F4E739-60DB-4331-A61B-ED72B8CFC5C7} = {B0F0FF3A-A571-4D67-9EA2-F49AEEE2EEFC}
		{395D232D-4F45-471B-9083-7C03394D2AEF} = {9BE5E58E-C8CB-44EF-BB3F-EDE4BD4B76DC}
		{1B01B5FB-F4CD-4E8A-9FC5-AA8E2F862EF7} = {9BE5E58E-C8CB-44EF-BB3F-EDE4BD4B76DC}
		{6608CECA-FECB-4B68-8B09-F3837223F0A7} = {9BE5E58E-C8CB-44EF-BB3F-EDE4BD4B76DC}
		{F365555F-AFE6-4DD9-9CE7-50C4BCB552B8} = {D7D95EDA-B20B-4E46-8AC4-2CC57057069F}
		{DBC9AC89-D34F-4C0E-901E-A08A69A7F32D} = {D7D95EDA-B20B-4E46-8AC4-2CC57057069F}
		{1CBCDB2A-032A-4F60-92BF-6A3DC67798AC} = {D7D95EDA-B20B-4E46-8AC4-2CC57057069F}
		{9BE5E58E-C8CB-44EF-BB3F-EDE4BD4B76DC} = {B0F0FF3A-A571-4D67-9EA2-F49AEEE2EEFC}
	EndGlobalSection
	GlobalSection(ExtensibilityGlobals) = postSolution
		SolutionGuid = {38C2023C-4EB2-4EF7-B463-C530D149DE87}
	EndGlobalSection
EndGlobal
