
Microsoft Visual Studio Solution File, Format Version 12.00
# Visual Studio 15
VisualStudioVersion = 15.0.27428.2043
MinimumVisualStudioVersion = 10.0.40219.1
Project("{FAE04EC0-301F-11D3-BF4B-00C04F79EFBC}") = "Afx.Base", "Afx.Base\Afx.Base.csproj", "{3A939D4B-366B-4E78-945B-AE4BA9DBC0FB}"
EndProject
Project("{FAE04EC0-301F-11D3-BF4B-00C04F79EFBC}") = "Afx.ActiveDirectory", "Afx.ActiveDirectory\Afx.ActiveDirectory.csproj", "{8EE9C7D1-B279-4248-81EA-5BF783F34891}"
EndProject
Project("{FAE04EC0-301F-11D3-BF4B-00C04F79EFBC}") = "Afx.Forms.Controls", "Afx.Forms.Controls\Afx.Forms.Controls.csproj", "{B0D8F905-471A-4DC8-A29C-F3DFC98DF458}"
EndProject
Project("{FAE04EC0-301F-11D3-BF4B-00C04F79EFBC}") = "Afx.Web.Http", "Afx.Web.Http\Afx.Web.Http.csproj", "{D2EDC77C-9D5E-4102-B2FC-2311DD8598F3}"
EndProject
Project("{2150E333-8FDC-42A3-9474-1A3956D46DE8}") = "Database", "Database", "{07A06CBA-9FBD-4EE3-B015-39DCAC7A9B63}"
EndProject
Project("{2150E333-8FDC-42A3-9474-1A3956D46DE8}") = "Tcp", "Tcp", "{76429997-12A1-41A0-A2CA-EB4AA4B351D2}"
EndProject
Project("{FAE04EC0-301F-11D3-BF4B-00C04F79EFBC}") = "Afx.Data", "Afx.Data\Afx.Data.csproj", "{2001C439-FF25-4770-80AD-70D0A7ECC97F}"
EndProject
Project("{FAE04EC0-301F-11D3-BF4B-00C04F79EFBC}") = "Afx.Data.Extensions", "Afx.Data.Extensions\Afx.Data.Extensions.csproj", "{6DD18FB9-FAF6-40EB-8BC9-00C6FF5E3689}"
EndProject
Project("{FAE04EC0-301F-11D3-BF4B-00C04F79EFBC}") = "Afx.Data.Entity", "Afx.Data.Entity\Afx.Data.Entity.csproj", "{683DC5E2-8227-43E6-AE65-3ED242CF885C}"
EndProject
Project("{2150E333-8FDC-42A3-9474-1A3956D46DE8}") = "EntityFramework", "EntityFramework", "{EFB37A78-D1CE-4856-AE23-334B89889A72}"
EndProject
Project("{FAE04EC0-301F-11D3-BF4B-00C04F79EFBC}") = "Afx.Data.MSSQLServer.Entity", "Afx.Data.MSSQLServer.Entity\Afx.Data.MSSQLServer.Entity.csproj", "{0C80C77A-063D-46C2-BF90-08A87F5D43E5}"
EndProject
Project("{FAE04EC0-301F-11D3-BF4B-00C04F79EFBC}") = "Afx.Data.MySql.Entity", "Afx.Data.MySql.Entity\Afx.Data.MySql.Entity.csproj", "{EBDF89D6-CA57-4967-8315-AD5A7C797F20}"
EndProject
Project("{FAE04EC0-301F-11D3-BF4B-00C04F79EFBC}") = "Afx.Data.Oracle.Entity", "Afx.Data.Oracle.Entity\Afx.Data.Oracle.Entity.csproj", "{F9C36709-9632-49EF-A979-8E59A64DFB71}"
EndProject
Project("{FAE04EC0-301F-11D3-BF4B-00C04F79EFBC}") = "Afx.Data.SQLite.Entity", "Afx.Data.SQLite.Entity\Afx.Data.SQLite.Entity.csproj", "{31BEE22C-BDA9-4226-90B5-0302DD7A43D6}"
EndProject
Project("{FAE04EC0-301F-11D3-BF4B-00C04F79EFBC}") = "Afx.Sockets", "Afx.Sockets\Afx.Sockets.csproj", "{698EC012-4620-47C8-AC2B-A78FC02119FE}"
EndProject
Project("{FAE04EC0-301F-11D3-BF4B-00C04F79EFBC}") = "Afx.Tcp.Protocols", "Afx.Tcp.Protocols\Afx.Tcp.Protocols.csproj", "{31A2CF90-A1F0-4F3E-9074-3B45C6DD8F55}"
EndProject
Project("{FAE04EC0-301F-11D3-BF4B-00C04F79EFBC}") = "Afx.Tcp.Host", "Afx.Tcp.Host\Afx.Tcp.Host.csproj", "{C913BA23-06D5-4B15-837A-F07A133310F5}"
EndProject
Project("{FAE04EC0-301F-11D3-BF4B-00C04F79EFBC}") = "Afx.Cache", "Afx.Cache\Afx.Cache.csproj", "{41DD3CFA-A7FB-4F22-835B-54740E43080A}"
EndProject
Project("{FAE04EC0-301F-11D3-BF4B-00C04F79EFBC}") = "Afx.HttpClient", "Afx.HttpClient\Afx.HttpClient.csproj", "{9152CA1E-EE22-4199-880F-F63E4FC8BFA9}"
EndProject
Project("{FAE04EC0-301F-11D3-BF4B-00C04F79EFBC}") = "Afx.Dapper", "Afx.Dapper\Afx.Dapper.csproj", "{BDD7D13F-5F80-48C0-BB09-EE6CDC48AA17}"
EndProject
Global
	GlobalSection(SolutionConfigurationPlatforms) = preSolution
		Debug|Any CPU = Debug|Any CPU
		Release|Any CPU = Release|Any CPU
	EndGlobalSection
	GlobalSection(ProjectConfigurationPlatforms) = postSolution
		{3A939D4B-366B-4E78-945B-AE4BA9DBC0FB}.Debug|Any CPU.ActiveCfg = Debug|Any CPU
		{3A939D4B-366B-4E78-945B-AE4BA9DBC0FB}.Debug|Any CPU.Build.0 = Debug|Any CPU
		{3A939D4B-366B-4E78-945B-AE4BA9DBC0FB}.Release|Any CPU.ActiveCfg = Release|Any CPU
		{3A939D4B-366B-4E78-945B-AE4BA9DBC0FB}.Release|Any CPU.Build.0 = Release|Any CPU
		{8EE9C7D1-B279-4248-81EA-5BF783F34891}.Debug|Any CPU.ActiveCfg = Debug|Any CPU
		{8EE9C7D1-B279-4248-81EA-5BF783F34891}.Debug|Any CPU.Build.0 = Debug|Any CPU
		{8EE9C7D1-B279-4248-81EA-5BF783F34891}.Release|Any CPU.ActiveCfg = Release|Any CPU
		{8EE9C7D1-B279-4248-81EA-5BF783F34891}.Release|Any CPU.Build.0 = Release|Any CPU
		{B0D8F905-471A-4DC8-A29C-F3DFC98DF458}.Debug|Any CPU.ActiveCfg = Debug|Any CPU
		{B0D8F905-471A-4DC8-A29C-F3DFC98DF458}.Debug|Any CPU.Build.0 = Debug|Any CPU
		{B0D8F905-471A-4DC8-A29C-F3DFC98DF458}.Release|Any CPU.ActiveCfg = Release|Any CPU
		{B0D8F905-471A-4DC8-A29C-F3DFC98DF458}.Release|Any CPU.Build.0 = Release|Any CPU
		{D2EDC77C-9D5E-4102-B2FC-2311DD8598F3}.Debug|Any CPU.ActiveCfg = Debug|Any CPU
		{D2EDC77C-9D5E-4102-B2FC-2311DD8598F3}.Debug|Any CPU.Build.0 = Debug|Any CPU
		{D2EDC77C-9D5E-4102-B2FC-2311DD8598F3}.Release|Any CPU.ActiveCfg = Release|Any CPU
		{D2EDC77C-9D5E-4102-B2FC-2311DD8598F3}.Release|Any CPU.Build.0 = Release|Any CPU
		{2001C439-FF25-4770-80AD-70D0A7ECC97F}.Debug|Any CPU.ActiveCfg = Debug|Any CPU
		{2001C439-FF25-4770-80AD-70D0A7ECC97F}.Debug|Any CPU.Build.0 = Debug|Any CPU
		{2001C439-FF25-4770-80AD-70D0A7ECC97F}.Release|Any CPU.ActiveCfg = Release|Any CPU
		{2001C439-FF25-4770-80AD-70D0A7ECC97F}.Release|Any CPU.Build.0 = Release|Any CPU
		{6DD18FB9-FAF6-40EB-8BC9-00C6FF5E3689}.Debug|Any CPU.ActiveCfg = Debug|Any CPU
		{6DD18FB9-FAF6-40EB-8BC9-00C6FF5E3689}.Debug|Any CPU.Build.0 = Debug|Any CPU
		{6DD18FB9-FAF6-40EB-8BC9-00C6FF5E3689}.Release|Any CPU.ActiveCfg = Release|Any CPU
		{6DD18FB9-FAF6-40EB-8BC9-00C6FF5E3689}.Release|Any CPU.Build.0 = Release|Any CPU
		{683DC5E2-8227-43E6-AE65-3ED242CF885C}.Debug|Any CPU.ActiveCfg = Debug|Any CPU
		{683DC5E2-8227-43E6-AE65-3ED242CF885C}.Debug|Any CPU.Build.0 = Debug|Any CPU
		{683DC5E2-8227-43E6-AE65-3ED242CF885C}.Release|Any CPU.ActiveCfg = Release|Any CPU
		{683DC5E2-8227-43E6-AE65-3ED242CF885C}.Release|Any CPU.Build.0 = Release|Any CPU
		{0C80C77A-063D-46C2-BF90-08A87F5D43E5}.Debug|Any CPU.ActiveCfg = Debug|Any CPU
		{0C80C77A-063D-46C2-BF90-08A87F5D43E5}.Debug|Any CPU.Build.0 = Debug|Any CPU
		{0C80C77A-063D-46C2-BF90-08A87F5D43E5}.Release|Any CPU.ActiveCfg = Release|Any CPU
		{0C80C77A-063D-46C2-BF90-08A87F5D43E5}.Release|Any CPU.Build.0 = Release|Any CPU
		{EBDF89D6-CA57-4967-8315-AD5A7C797F20}.Debug|Any CPU.ActiveCfg = Debug|Any CPU
		{EBDF89D6-CA57-4967-8315-AD5A7C797F20}.Debug|Any CPU.Build.0 = Debug|Any CPU
		{EBDF89D6-CA57-4967-8315-AD5A7C797F20}.Release|Any CPU.ActiveCfg = Release|Any CPU
		{EBDF89D6-CA57-4967-8315-AD5A7C797F20}.Release|Any CPU.Build.0 = Release|Any CPU
		{F9C36709-9632-49EF-A979-8E59A64DFB71}.Debug|Any CPU.ActiveCfg = Debug|Any CPU
		{F9C36709-9632-49EF-A979-8E59A64DFB71}.Debug|Any CPU.Build.0 = Debug|Any CPU
		{F9C36709-9632-49EF-A979-8E59A64DFB71}.Release|Any CPU.ActiveCfg = Release|Any CPU
		{F9C36709-9632-49EF-A979-8E59A64DFB71}.Release|Any CPU.Build.0 = Release|Any CPU
		{31BEE22C-BDA9-4226-90B5-0302DD7A43D6}.Debug|Any CPU.ActiveCfg = Debug|Any CPU
		{31BEE22C-BDA9-4226-90B5-0302DD7A43D6}.Debug|Any CPU.Build.0 = Debug|Any CPU
		{31BEE22C-BDA9-4226-90B5-0302DD7A43D6}.Release|Any CPU.ActiveCfg = Release|Any CPU
		{31BEE22C-BDA9-4226-90B5-0302DD7A43D6}.Release|Any CPU.Build.0 = Release|Any CPU
		{698EC012-4620-47C8-AC2B-A78FC02119FE}.Debug|Any CPU.ActiveCfg = Debug|Any CPU
		{698EC012-4620-47C8-AC2B-A78FC02119FE}.Debug|Any CPU.Build.0 = Debug|Any CPU
		{698EC012-4620-47C8-AC2B-A78FC02119FE}.Release|Any CPU.ActiveCfg = Release|Any CPU
		{698EC012-4620-47C8-AC2B-A78FC02119FE}.Release|Any CPU.Build.0 = Release|Any CPU
		{31A2CF90-A1F0-4F3E-9074-3B45C6DD8F55}.Debug|Any CPU.ActiveCfg = Debug|Any CPU
		{31A2CF90-A1F0-4F3E-9074-3B45C6DD8F55}.Debug|Any CPU.Build.0 = Debug|Any CPU
		{31A2CF90-A1F0-4F3E-9074-3B45C6DD8F55}.Release|Any CPU.ActiveCfg = Release|Any CPU
		{31A2CF90-A1F0-4F3E-9074-3B45C6DD8F55}.Release|Any CPU.Build.0 = Release|Any CPU
		{C913BA23-06D5-4B15-837A-F07A133310F5}.Debug|Any CPU.ActiveCfg = Debug|Any CPU
		{C913BA23-06D5-4B15-837A-F07A133310F5}.Debug|Any CPU.Build.0 = Debug|Any CPU
		{C913BA23-06D5-4B15-837A-F07A133310F5}.Release|Any CPU.ActiveCfg = Release|Any CPU
		{C913BA23-06D5-4B15-837A-F07A133310F5}.Release|Any CPU.Build.0 = Release|Any CPU
		{41DD3CFA-A7FB-4F22-835B-54740E43080A}.Debug|Any CPU.ActiveCfg = Debug|Any CPU
		{41DD3CFA-A7FB-4F22-835B-54740E43080A}.Debug|Any CPU.Build.0 = Debug|Any CPU
		{41DD3CFA-A7FB-4F22-835B-54740E43080A}.Release|Any CPU.ActiveCfg = Release|Any CPU
		{41DD3CFA-A7FB-4F22-835B-54740E43080A}.Release|Any CPU.Build.0 = Release|Any CPU
		{9152CA1E-EE22-4199-880F-F63E4FC8BFA9}.Debug|Any CPU.ActiveCfg = Debug|Any CPU
		{9152CA1E-EE22-4199-880F-F63E4FC8BFA9}.Debug|Any CPU.Build.0 = Debug|Any CPU
		{9152CA1E-EE22-4199-880F-F63E4FC8BFA9}.Release|Any CPU.ActiveCfg = Release|Any CPU
		{9152CA1E-EE22-4199-880F-F63E4FC8BFA9}.Release|Any CPU.Build.0 = Release|Any CPU
		{BDD7D13F-5F80-48C0-BB09-EE6CDC48AA17}.Debug|Any CPU.ActiveCfg = Debug|Any CPU
		{BDD7D13F-5F80-48C0-BB09-EE6CDC48AA17}.Debug|Any CPU.Build.0 = Debug|Any CPU
		{BDD7D13F-5F80-48C0-BB09-EE6CDC48AA17}.Release|Any CPU.ActiveCfg = Release|Any CPU
		{BDD7D13F-5F80-48C0-BB09-EE6CDC48AA17}.Release|Any CPU.Build.0 = Release|Any CPU
	EndGlobalSection
	GlobalSection(SolutionProperties) = preSolution
		HideSolutionNode = FALSE
	EndGlobalSection
	GlobalSection(NestedProjects) = preSolution
		{2001C439-FF25-4770-80AD-70D0A7ECC97F} = {07A06CBA-9FBD-4EE3-B015-39DCAC7A9B63}
		{6DD18FB9-FAF6-40EB-8BC9-00C6FF5E3689} = {07A06CBA-9FBD-4EE3-B015-39DCAC7A9B63}
		{683DC5E2-8227-43E6-AE65-3ED242CF885C} = {EFB37A78-D1CE-4856-AE23-334B89889A72}
		{EFB37A78-D1CE-4856-AE23-334B89889A72} = {07A06CBA-9FBD-4EE3-B015-39DCAC7A9B63}
		{0C80C77A-063D-46C2-BF90-08A87F5D43E5} = {EFB37A78-D1CE-4856-AE23-334B89889A72}
		{EBDF89D6-CA57-4967-8315-AD5A7C797F20} = {EFB37A78-D1CE-4856-AE23-334B89889A72}
		{F9C36709-9632-49EF-A979-8E59A64DFB71} = {EFB37A78-D1CE-4856-AE23-334B89889A72}
		{31BEE22C-BDA9-4226-90B5-0302DD7A43D6} = {EFB37A78-D1CE-4856-AE23-334B89889A72}
		{698EC012-4620-47C8-AC2B-A78FC02119FE} = {76429997-12A1-41A0-A2CA-EB4AA4B351D2}
		{31A2CF90-A1F0-4F3E-9074-3B45C6DD8F55} = {76429997-12A1-41A0-A2CA-EB4AA4B351D2}
		{C913BA23-06D5-4B15-837A-F07A133310F5} = {76429997-12A1-41A0-A2CA-EB4AA4B351D2}
		{BDD7D13F-5F80-48C0-BB09-EE6CDC48AA17} = {07A06CBA-9FBD-4EE3-B015-39DCAC7A9B63}
	EndGlobalSection
	GlobalSection(ExtensibilityGlobals) = postSolution
		SolutionGuid = {38C2023C-4EB2-4EF7-B463-C530D149DE87}
	EndGlobalSection
EndGlobal
