
Microsoft Visual Studio Solution File, Format Version 12.00
# Visual Studio 15
VisualStudioVersion = 15.0.27428.2043
MinimumVisualStudioVersion = 10.0.40219.1
Project("{9A19103F-16F7-4668-BE54-9A1E7A4F7556}") = "Afx.AspNetCore.Mvc", "Afx.AspNetCore.Mvc\Afx.AspNetCore.Mvc.csproj", "{0C635E21-7E1C-4226-9F2A-B95830676FA0}"
EndProject
Project("{9A19103F-16F7-4668-BE54-9A1E7A4F7556}") = "Afx.Cache", "Afx.Cache\Afx.Cache.csproj", "{CEF3C7E8-D5BF-4284-A3D1-10732BEA0BCE}"
EndProject
Project("{9A19103F-16F7-4668-BE54-9A1E7A4F7556}") = "Afx.Data", "Afx.Data\Afx.Data.csproj", "{A051C3EE-3EFD-4BAE-917D-6790084D062E}"
EndProject
Project("{9A19103F-16F7-4668-BE54-9A1E7A4F7556}") = "Afx.Data.Entity", "Afx.Data.Entity\Afx.Data.Entity.csproj", "{DD96DD05-739C-4950-ACCB-0997C32BF4AA}"
EndProject
Project("{9A19103F-16F7-4668-BE54-9A1E7A4F7556}") = "Afx.Data.MSSQLServer.Entity", "Afx.Data.MSSQLServer.Entity\Afx.Data.MSSQLServer.Entity.csproj", "{CFAF10B0-19F4-4717-9EAF-A7060C8BCB33}"
EndProject
Project("{9A19103F-16F7-4668-BE54-9A1E7A4F7556}") = "Afx.Data.MySql.Entity", "Afx.Data.MySql.Entity\Afx.Data.MySql.Entity.csproj", "{BBA31207-BFDB-4368-8E87-76ED6BFD570A}"
EndProject
Project("{9A19103F-16F7-4668-BE54-9A1E7A4F7556}") = "Afx.Data.SQLite.Entity", "Afx.Data.SQLite.Entity\Afx.Data.SQLite.Entity.csproj", "{38967B11-154D-40A2-8BF6-15B42256425F}"
EndProject
Project("{9A19103F-16F7-4668-BE54-9A1E7A4F7556}") = "Afx.HttpClient", "Afx.HttpClient\Afx.HttpClient.csproj", "{7E6615D7-059B-4E62-A685-7AB2F91C9851}"
EndProject
Project("{9A19103F-16F7-4668-BE54-9A1E7A4F7556}") = "Afx.Sockets", "Afx.Sockets\Afx.Sockets.csproj", "{A008DC05-A713-4FE7-BEB2-DA942101FF35}"
EndProject
Project("{9A19103F-16F7-4668-BE54-9A1E7A4F7556}") = "Afx.Tcp.Host", "Afx.Tcp.Host\Afx.Tcp.Host.csproj", "{F7F1C19B-9A11-472A-8014-49FA965E0D59}"
EndProject
Project("{9A19103F-16F7-4668-BE54-9A1E7A4F7556}") = "Afx.Tcp.Protocols", "Afx.Tcp.Protocols\Afx.Tcp.Protocols.csproj", "{F1B41102-3373-40BF-BC3F-4E3C5A5E9513}"
EndProject
Project("{9A19103F-16F7-4668-BE54-9A1E7A4F7556}") = "Afx.Data.Extensions", "Afx.Data.Extensions\Afx.Data.Extensions.csproj", "{166A7440-FBCC-4F48-9A3B-796F8CD1EEA0}"
EndProject
Project("{9A19103F-16F7-4668-BE54-9A1E7A4F7556}") = "Afx.Base", "Afx.Base\Afx.Base.csproj", "{AB069452-5210-40E6-A917-2BB8346D9A65}"
EndProject
Project("{2150E333-8FDC-42A3-9474-1A3956D46DE8}") = "Database", "Database", "{9B2D6E6E-3565-4085-92CE-9C759E6E7483}"
EndProject
Project("{2150E333-8FDC-42A3-9474-1A3956D46DE8}") = "EntityFramework", "EntityFramework", "{ABAB0750-EA97-4C3A-B3D9-5977B10A4199}"
EndProject
Project("{2150E333-8FDC-42A3-9474-1A3956D46DE8}") = "Tcp", "Tcp", "{2E314A16-CF15-43EF-81DD-70E224422FAA}"
EndProject
Project("{FAE04EC0-301F-11D3-BF4B-00C04F79EFBC}") = "Afx.Dapper", "Afx.Dapper\Afx.Dapper.csproj", "{4D0EA4D9-C9BE-44E2-949D-C0CC10898770}"
EndProject
Global
	GlobalSection(SolutionConfigurationPlatforms) = preSolution
		Debug|Any CPU = Debug|Any CPU
		Release|Any CPU = Release|Any CPU
	EndGlobalSection
	GlobalSection(ProjectConfigurationPlatforms) = postSolution
		{0C635E21-7E1C-4226-9F2A-B95830676FA0}.Debug|Any CPU.ActiveCfg = Debug|Any CPU
		{0C635E21-7E1C-4226-9F2A-B95830676FA0}.Debug|Any CPU.Build.0 = Debug|Any CPU
		{0C635E21-7E1C-4226-9F2A-B95830676FA0}.Release|Any CPU.ActiveCfg = Release|Any CPU
		{0C635E21-7E1C-4226-9F2A-B95830676FA0}.Release|Any CPU.Build.0 = Release|Any CPU
		{CEF3C7E8-D5BF-4284-A3D1-10732BEA0BCE}.Debug|Any CPU.ActiveCfg = Debug|Any CPU
		{CEF3C7E8-D5BF-4284-A3D1-10732BEA0BCE}.Debug|Any CPU.Build.0 = Debug|Any CPU
		{CEF3C7E8-D5BF-4284-A3D1-10732BEA0BCE}.Release|Any CPU.ActiveCfg = Release|Any CPU
		{CEF3C7E8-D5BF-4284-A3D1-10732BEA0BCE}.Release|Any CPU.Build.0 = Release|Any CPU
		{A051C3EE-3EFD-4BAE-917D-6790084D062E}.Debug|Any CPU.ActiveCfg = Debug|Any CPU
		{A051C3EE-3EFD-4BAE-917D-6790084D062E}.Debug|Any CPU.Build.0 = Debug|Any CPU
		{A051C3EE-3EFD-4BAE-917D-6790084D062E}.Release|Any CPU.ActiveCfg = Release|Any CPU
		{A051C3EE-3EFD-4BAE-917D-6790084D062E}.Release|Any CPU.Build.0 = Release|Any CPU
		{DD96DD05-739C-4950-ACCB-0997C32BF4AA}.Debug|Any CPU.ActiveCfg = Debug|Any CPU
		{DD96DD05-739C-4950-ACCB-0997C32BF4AA}.Debug|Any CPU.Build.0 = Debug|Any CPU
		{DD96DD05-739C-4950-ACCB-0997C32BF4AA}.Release|Any CPU.ActiveCfg = Release|Any CPU
		{DD96DD05-739C-4950-ACCB-0997C32BF4AA}.Release|Any CPU.Build.0 = Release|Any CPU
		{CFAF10B0-19F4-4717-9EAF-A7060C8BCB33}.Debug|Any CPU.ActiveCfg = Debug|Any CPU
		{CFAF10B0-19F4-4717-9EAF-A7060C8BCB33}.Debug|Any CPU.Build.0 = Debug|Any CPU
		{CFAF10B0-19F4-4717-9EAF-A7060C8BCB33}.Release|Any CPU.ActiveCfg = Release|Any CPU
		{CFAF10B0-19F4-4717-9EAF-A7060C8BCB33}.Release|Any CPU.Build.0 = Release|Any CPU
		{BBA31207-BFDB-4368-8E87-76ED6BFD570A}.Debug|Any CPU.ActiveCfg = Debug|Any CPU
		{BBA31207-BFDB-4368-8E87-76ED6BFD570A}.Debug|Any CPU.Build.0 = Debug|Any CPU
		{BBA31207-BFDB-4368-8E87-76ED6BFD570A}.Release|Any CPU.ActiveCfg = Release|Any CPU
		{BBA31207-BFDB-4368-8E87-76ED6BFD570A}.Release|Any CPU.Build.0 = Release|Any CPU
		{38967B11-154D-40A2-8BF6-15B42256425F}.Debug|Any CPU.ActiveCfg = Debug|Any CPU
		{38967B11-154D-40A2-8BF6-15B42256425F}.Debug|Any CPU.Build.0 = Debug|Any CPU
		{38967B11-154D-40A2-8BF6-15B42256425F}.Release|Any CPU.ActiveCfg = Release|Any CPU
		{38967B11-154D-40A2-8BF6-15B42256425F}.Release|Any CPU.Build.0 = Release|Any CPU
		{7E6615D7-059B-4E62-A685-7AB2F91C9851}.Debug|Any CPU.ActiveCfg = Debug|Any CPU
		{7E6615D7-059B-4E62-A685-7AB2F91C9851}.Debug|Any CPU.Build.0 = Debug|Any CPU
		{7E6615D7-059B-4E62-A685-7AB2F91C9851}.Release|Any CPU.ActiveCfg = Release|Any CPU
		{7E6615D7-059B-4E62-A685-7AB2F91C9851}.Release|Any CPU.Build.0 = Release|Any CPU
		{A008DC05-A713-4FE7-BEB2-DA942101FF35}.Debug|Any CPU.ActiveCfg = Debug|Any CPU
		{A008DC05-A713-4FE7-BEB2-DA942101FF35}.Debug|Any CPU.Build.0 = Debug|Any CPU
		{A008DC05-A713-4FE7-BEB2-DA942101FF35}.Release|Any CPU.ActiveCfg = Release|Any CPU
		{A008DC05-A713-4FE7-BEB2-DA942101FF35}.Release|Any CPU.Build.0 = Release|Any CPU
		{F7F1C19B-9A11-472A-8014-49FA965E0D59}.Debug|Any CPU.ActiveCfg = Debug|Any CPU
		{F7F1C19B-9A11-472A-8014-49FA965E0D59}.Debug|Any CPU.Build.0 = Debug|Any CPU
		{F7F1C19B-9A11-472A-8014-49FA965E0D59}.Release|Any CPU.ActiveCfg = Release|Any CPU
		{F7F1C19B-9A11-472A-8014-49FA965E0D59}.Release|Any CPU.Build.0 = Release|Any CPU
		{F1B41102-3373-40BF-BC3F-4E3C5A5E9513}.Debug|Any CPU.ActiveCfg = Debug|Any CPU
		{F1B41102-3373-40BF-BC3F-4E3C5A5E9513}.Debug|Any CPU.Build.0 = Debug|Any CPU
		{F1B41102-3373-40BF-BC3F-4E3C5A5E9513}.Release|Any CPU.ActiveCfg = Release|Any CPU
		{F1B41102-3373-40BF-BC3F-4E3C5A5E9513}.Release|Any CPU.Build.0 = Release|Any CPU
		{166A7440-FBCC-4F48-9A3B-796F8CD1EEA0}.Debug|Any CPU.ActiveCfg = Debug|Any CPU
		{166A7440-FBCC-4F48-9A3B-796F8CD1EEA0}.Debug|Any CPU.Build.0 = Debug|Any CPU
		{166A7440-FBCC-4F48-9A3B-796F8CD1EEA0}.Release|Any CPU.ActiveCfg = Release|Any CPU
		{166A7440-FBCC-4F48-9A3B-796F8CD1EEA0}.Release|Any CPU.Build.0 = Release|Any CPU
		{AB069452-5210-40E6-A917-2BB8346D9A65}.Debug|Any CPU.ActiveCfg = Debug|Any CPU
		{AB069452-5210-40E6-A917-2BB8346D9A65}.Debug|Any CPU.Build.0 = Debug|Any CPU
		{AB069452-5210-40E6-A917-2BB8346D9A65}.Release|Any CPU.ActiveCfg = Release|Any CPU
		{AB069452-5210-40E6-A917-2BB8346D9A65}.Release|Any CPU.Build.0 = Release|Any CPU
		{4D0EA4D9-C9BE-44E2-949D-C0CC10898770}.Debug|Any CPU.ActiveCfg = Debug|Any CPU
		{4D0EA4D9-C9BE-44E2-949D-C0CC10898770}.Debug|Any CPU.Build.0 = Debug|Any CPU
		{4D0EA4D9-C9BE-44E2-949D-C0CC10898770}.Release|Any CPU.ActiveCfg = Release|Any CPU
		{4D0EA4D9-C9BE-44E2-949D-C0CC10898770}.Release|Any CPU.Build.0 = Release|Any CPU
	EndGlobalSection
	GlobalSection(SolutionProperties) = preSolution
		HideSolutionNode = FALSE
	EndGlobalSection
	GlobalSection(NestedProjects) = preSolution
		{A051C3EE-3EFD-4BAE-917D-6790084D062E} = {9B2D6E6E-3565-4085-92CE-9C759E6E7483}
		{DD96DD05-739C-4950-ACCB-0997C32BF4AA} = {ABAB0750-EA97-4C3A-B3D9-5977B10A4199}
		{CFAF10B0-19F4-4717-9EAF-A7060C8BCB33} = {ABAB0750-EA97-4C3A-B3D9-5977B10A4199}
		{BBA31207-BFDB-4368-8E87-76ED6BFD570A} = {ABAB0750-EA97-4C3A-B3D9-5977B10A4199}
		{38967B11-154D-40A2-8BF6-15B42256425F} = {ABAB0750-EA97-4C3A-B3D9-5977B10A4199}
		{A008DC05-A713-4FE7-BEB2-DA942101FF35} = {2E314A16-CF15-43EF-81DD-70E224422FAA}
		{F7F1C19B-9A11-472A-8014-49FA965E0D59} = {2E314A16-CF15-43EF-81DD-70E224422FAA}
		{F1B41102-3373-40BF-BC3F-4E3C5A5E9513} = {2E314A16-CF15-43EF-81DD-70E224422FAA}
		{166A7440-FBCC-4F48-9A3B-796F8CD1EEA0} = {9B2D6E6E-3565-4085-92CE-9C759E6E7483}
		{ABAB0750-EA97-4C3A-B3D9-5977B10A4199} = {9B2D6E6E-3565-4085-92CE-9C759E6E7483}
		{4D0EA4D9-C9BE-44E2-949D-C0CC10898770} = {9B2D6E6E-3565-4085-92CE-9C759E6E7483}
	EndGlobalSection
	GlobalSection(ExtensibilityGlobals) = postSolution
		SolutionGuid = {38C2023C-4EB2-4EF7-B463-C530D149DE87}
	EndGlobalSection
EndGlobal
