
Microsoft Visual Studio Solution File, Format Version 12.00
# Visual Studio 15
VisualStudioVersion = 15.0.27428.2043
MinimumVisualStudioVersion = 10.0.40219.1
Project("{9A19103F-16F7-4668-BE54-9A1E7A4F7556}") = "Afx.Cache", "Afx.Cache\Afx.Cache.csproj", "{89BCA2EE-012C-4A89-99ED-5BED6B809AEF}"
EndProject
Project("{9A19103F-16F7-4668-BE54-9A1E7A4F7556}") = "Afx.Data", "Afx.Data\Afx.Data.csproj", "{65A3CDA2-F0CC-4752-9346-D1D752627AF3}"
EndProject
Project("{9A19103F-16F7-4668-BE54-9A1E7A4F7556}") = "Afx.Data.Entity", "Afx.Data.Entity\Afx.Data.Entity.csproj", "{6269AE87-546E-4504-801B-FECD4CAF47FE}"
EndProject
Project("{2150E333-8FDC-42A3-9474-1A3956D46DE8}") = "Database", "Database", "{42E27609-D6F0-49F4-8D74-81ED9D88118C}"
EndProject
Project("{2150E333-8FDC-42A3-9474-1A3956D46DE8}") = "EntityFramework", "EntityFramework", "{1B54DFF7-4727-4EAE-93C3-3242EAAD2F52}"
EndProject
Project("{2150E333-8FDC-42A3-9474-1A3956D46DE8}") = "Socket", "Socket", "{9DA69D29-C160-426C-9AEA-DBBD444F402C}"
EndProject
Project("{9A19103F-16F7-4668-BE54-9A1E7A4F7556}") = "Afx.Data.MSSQLServer.Entity", "Afx.Data.MSSQLServer.Entity\Afx.Data.MSSQLServer.Entity.csproj", "{09A2B6CA-27AC-49DE-B190-27EF2CE5F344}"
EndProject
Project("{9A19103F-16F7-4668-BE54-9A1E7A4F7556}") = "Afx.Data.MySql.Entity", "Afx.Data.MySql.Entity\Afx.Data.MySql.Entity.csproj", "{F8C8DB6D-2B32-4F80-AE33-D12A3885EBD1}"
EndProject
Project("{9A19103F-16F7-4668-BE54-9A1E7A4F7556}") = "Afx.Data.SQLite.Entity", "Afx.Data.SQLite.Entity\Afx.Data.SQLite.Entity.csproj", "{62FD67FB-EE2F-433C-8CA2-70851FF9907C}"
EndProject
Project("{9A19103F-16F7-4668-BE54-9A1E7A4F7556}") = "Afx.HttpClient", "Afx.HttpClient\Afx.HttpClient.csproj", "{1951B34D-3A0B-4FDA-8AA0-049338A4B1AE}"
EndProject
Project("{9A19103F-16F7-4668-BE54-9A1E7A4F7556}") = "Afx.Sockets", "Afx.Sockets\Afx.Sockets.csproj", "{07BC881E-53AB-4AA8-B58B-649EF8514C74}"
EndProject
Project("{9A19103F-16F7-4668-BE54-9A1E7A4F7556}") = "Afx.Tcp.Protocols", "Afx.Tcp.Protocols\Afx.Tcp.Protocols.csproj", "{8415121D-330D-47A5-87DA-330F03883882}"
EndProject
Project("{9A19103F-16F7-4668-BE54-9A1E7A4F7556}") = "Afx.Tcp.Host", "Afx.Tcp.Host\Afx.Tcp.Host.csproj", "{1209BC94-B954-480C-B3BC-D6DFB6FF339F}"
EndProject
Project("{9A19103F-16F7-4668-BE54-9A1E7A4F7556}") = "Afx.Data.Extensions", "Afx.Data.Extensions\Afx.Data.Extensions.csproj", "{4FD273DB-1C40-490F-B52C-201CD6D9C57E}"
EndProject
Project("{9A19103F-16F7-4668-BE54-9A1E7A4F7556}") = "Afx.Base", "Afx.Base\Afx.Base.csproj", "{DCFC80EE-B018-4B16-872F-E15F9CE36CAA}"
EndProject
Global
	GlobalSection(SolutionConfigurationPlatforms) = preSolution
		Debug|Any CPU = Debug|Any CPU
		Release|Any CPU = Release|Any CPU
	EndGlobalSection
	GlobalSection(ProjectConfigurationPlatforms) = postSolution
		{89BCA2EE-012C-4A89-99ED-5BED6B809AEF}.Debug|Any CPU.ActiveCfg = Debug|Any CPU
		{89BCA2EE-012C-4A89-99ED-5BED6B809AEF}.Debug|Any CPU.Build.0 = Debug|Any CPU
		{89BCA2EE-012C-4A89-99ED-5BED6B809AEF}.Release|Any CPU.ActiveCfg = Release|Any CPU
		{89BCA2EE-012C-4A89-99ED-5BED6B809AEF}.Release|Any CPU.Build.0 = Release|Any CPU
		{65A3CDA2-F0CC-4752-9346-D1D752627AF3}.Debug|Any CPU.ActiveCfg = Debug|Any CPU
		{65A3CDA2-F0CC-4752-9346-D1D752627AF3}.Debug|Any CPU.Build.0 = Debug|Any CPU
		{65A3CDA2-F0CC-4752-9346-D1D752627AF3}.Release|Any CPU.ActiveCfg = Release|Any CPU
		{65A3CDA2-F0CC-4752-9346-D1D752627AF3}.Release|Any CPU.Build.0 = Release|Any CPU
		{6269AE87-546E-4504-801B-FECD4CAF47FE}.Debug|Any CPU.ActiveCfg = Debug|Any CPU
		{6269AE87-546E-4504-801B-FECD4CAF47FE}.Debug|Any CPU.Build.0 = Debug|Any CPU
		{6269AE87-546E-4504-801B-FECD4CAF47FE}.Release|Any CPU.ActiveCfg = Release|Any CPU
		{6269AE87-546E-4504-801B-FECD4CAF47FE}.Release|Any CPU.Build.0 = Release|Any CPU
		{09A2B6CA-27AC-49DE-B190-27EF2CE5F344}.Debug|Any CPU.ActiveCfg = Debug|Any CPU
		{09A2B6CA-27AC-49DE-B190-27EF2CE5F344}.Debug|Any CPU.Build.0 = Debug|Any CPU
		{09A2B6CA-27AC-49DE-B190-27EF2CE5F344}.Release|Any CPU.ActiveCfg = Release|Any CPU
		{09A2B6CA-27AC-49DE-B190-27EF2CE5F344}.Release|Any CPU.Build.0 = Release|Any CPU
		{F8C8DB6D-2B32-4F80-AE33-D12A3885EBD1}.Debug|Any CPU.ActiveCfg = Debug|Any CPU
		{F8C8DB6D-2B32-4F80-AE33-D12A3885EBD1}.Debug|Any CPU.Build.0 = Debug|Any CPU
		{F8C8DB6D-2B32-4F80-AE33-D12A3885EBD1}.Release|Any CPU.ActiveCfg = Release|Any CPU
		{F8C8DB6D-2B32-4F80-AE33-D12A3885EBD1}.Release|Any CPU.Build.0 = Release|Any CPU
		{62FD67FB-EE2F-433C-8CA2-70851FF9907C}.Debug|Any CPU.ActiveCfg = Debug|Any CPU
		{62FD67FB-EE2F-433C-8CA2-70851FF9907C}.Debug|Any CPU.Build.0 = Debug|Any CPU
		{62FD67FB-EE2F-433C-8CA2-70851FF9907C}.Release|Any CPU.ActiveCfg = Release|Any CPU
		{62FD67FB-EE2F-433C-8CA2-70851FF9907C}.Release|Any CPU.Build.0 = Release|Any CPU
		{1951B34D-3A0B-4FDA-8AA0-049338A4B1AE}.Debug|Any CPU.ActiveCfg = Debug|Any CPU
		{1951B34D-3A0B-4FDA-8AA0-049338A4B1AE}.Debug|Any CPU.Build.0 = Debug|Any CPU
		{1951B34D-3A0B-4FDA-8AA0-049338A4B1AE}.Release|Any CPU.ActiveCfg = Release|Any CPU
		{1951B34D-3A0B-4FDA-8AA0-049338A4B1AE}.Release|Any CPU.Build.0 = Release|Any CPU
		{07BC881E-53AB-4AA8-B58B-649EF8514C74}.Debug|Any CPU.ActiveCfg = Debug|Any CPU
		{07BC881E-53AB-4AA8-B58B-649EF8514C74}.Debug|Any CPU.Build.0 = Debug|Any CPU
		{07BC881E-53AB-4AA8-B58B-649EF8514C74}.Release|Any CPU.ActiveCfg = Release|Any CPU
		{07BC881E-53AB-4AA8-B58B-649EF8514C74}.Release|Any CPU.Build.0 = Release|Any CPU
		{8415121D-330D-47A5-87DA-330F03883882}.Debug|Any CPU.ActiveCfg = Debug|Any CPU
		{8415121D-330D-47A5-87DA-330F03883882}.Debug|Any CPU.Build.0 = Debug|Any CPU
		{8415121D-330D-47A5-87DA-330F03883882}.Release|Any CPU.ActiveCfg = Release|Any CPU
		{8415121D-330D-47A5-87DA-330F03883882}.Release|Any CPU.Build.0 = Release|Any CPU
		{1209BC94-B954-480C-B3BC-D6DFB6FF339F}.Debug|Any CPU.ActiveCfg = Debug|Any CPU
		{1209BC94-B954-480C-B3BC-D6DFB6FF339F}.Debug|Any CPU.Build.0 = Debug|Any CPU
		{1209BC94-B954-480C-B3BC-D6DFB6FF339F}.Release|Any CPU.ActiveCfg = Release|Any CPU
		{1209BC94-B954-480C-B3BC-D6DFB6FF339F}.Release|Any CPU.Build.0 = Release|Any CPU
		{4FD273DB-1C40-490F-B52C-201CD6D9C57E}.Debug|Any CPU.ActiveCfg = Debug|Any CPU
		{4FD273DB-1C40-490F-B52C-201CD6D9C57E}.Debug|Any CPU.Build.0 = Debug|Any CPU
		{4FD273DB-1C40-490F-B52C-201CD6D9C57E}.Release|Any CPU.ActiveCfg = Release|Any CPU
		{4FD273DB-1C40-490F-B52C-201CD6D9C57E}.Release|Any CPU.Build.0 = Release|Any CPU
		{DCFC80EE-B018-4B16-872F-E15F9CE36CAA}.Debug|Any CPU.ActiveCfg = Debug|Any CPU
		{DCFC80EE-B018-4B16-872F-E15F9CE36CAA}.Debug|Any CPU.Build.0 = Debug|Any CPU
		{DCFC80EE-B018-4B16-872F-E15F9CE36CAA}.Release|Any CPU.ActiveCfg = Release|Any CPU
		{DCFC80EE-B018-4B16-872F-E15F9CE36CAA}.Release|Any CPU.Build.0 = Release|Any CPU
	EndGlobalSection
	GlobalSection(SolutionProperties) = preSolution
		HideSolutionNode = FALSE
	EndGlobalSection
	GlobalSection(NestedProjects) = preSolution
		{65A3CDA2-F0CC-4752-9346-D1D752627AF3} = {42E27609-D6F0-49F4-8D74-81ED9D88118C}
		{6269AE87-546E-4504-801B-FECD4CAF47FE} = {1B54DFF7-4727-4EAE-93C3-3242EAAD2F52}
		{1B54DFF7-4727-4EAE-93C3-3242EAAD2F52} = {42E27609-D6F0-49F4-8D74-81ED9D88118C}
		{09A2B6CA-27AC-49DE-B190-27EF2CE5F344} = {1B54DFF7-4727-4EAE-93C3-3242EAAD2F52}
		{F8C8DB6D-2B32-4F80-AE33-D12A3885EBD1} = {1B54DFF7-4727-4EAE-93C3-3242EAAD2F52}
		{62FD67FB-EE2F-433C-8CA2-70851FF9907C} = {1B54DFF7-4727-4EAE-93C3-3242EAAD2F52}
		{07BC881E-53AB-4AA8-B58B-649EF8514C74} = {9DA69D29-C160-426C-9AEA-DBBD444F402C}
		{8415121D-330D-47A5-87DA-330F03883882} = {9DA69D29-C160-426C-9AEA-DBBD444F402C}
		{1209BC94-B954-480C-B3BC-D6DFB6FF339F} = {9DA69D29-C160-426C-9AEA-DBBD444F402C}
		{4FD273DB-1C40-490F-B52C-201CD6D9C57E} = {42E27609-D6F0-49F4-8D74-81ED9D88118C}
	EndGlobalSection
	GlobalSection(ExtensibilityGlobals) = postSolution
		SolutionGuid = {38C2023C-4EB2-4EF7-B463-C530D149DE87}
	EndGlobalSection
EndGlobal
